
Microsoft Visual Studio Solution File, Format Version 12.00
# Visual Studio Version 17
VisualStudioVersion = 17.1.32421.90
MinimumVisualStudioVersion = 10.0.40219.1
Project("{FAE04EC0-301F-11D3-BF4B-00C04F79EFBC}") = "ASP_FinalExam_Net5", "ASP_FinalExam_Net5\ASP_FinalExam_Net5.csproj", "{6C882CA0-4FE6-4938-84A4-7E7DCEE1994C}"
EndProject
Global
	GlobalSection(SolutionConfigurationPlatforms) = preSolution
		Debug|Any CPU = Debug|Any CPU
		Release|Any CPU = Release|Any CPU
	EndGlobalSection
	GlobalSection(ProjectConfigurationPlatforms) = postSolution
		{6C882CA0-4FE6-4938-84A4-7E7DCEE1994C}.Debug|Any CPU.ActiveCfg = Debug|Any CPU
		{6C882CA0-4FE6-4938-84A4-7E7DCEE1994C}.Debug|Any CPU.Build.0 = Debug|Any CPU
		{6C882CA0-4FE6-4938-84A4-7E7DCEE1994C}.Release|Any CPU.ActiveCfg = Release|Any CPU
		{6C882CA0-4FE6-4938-84A4-7E7DCEE1994C}.Release|Any CPU.Build.0 = Release|Any CPU
	EndGlobalSection
	GlobalSection(SolutionProperties) = preSolution
		HideSolutionNode = FALSE
	EndGlobalSection
	GlobalSection(ExtensibilityGlobals) = postSolution
		SolutionGuid = {5FACB9DA-764A-4116-B341-EB3A11F282D1}
	EndGlobalSection
EndGlobal
